# This file is automatically @generated by Cargo.
# It is not intended for manual editing.
version = 4

[[package]]
name = "haskell_match"
version = "0.1.0"
dependencies = [
 "lazy_static",
 "rutie",
]

[[package]]
name = "lazy_static"
version = "1.5.1"
source = "registry+https://github.com/rust-lang/crates.io-index"
checksum = "20870f649af7073d53e38067b2a84312175d56ea15217e1b15bc83506ec50afb"

[[package]]
name = "libc"
version = "0.2.190"
source = "registry+https://github.com/rust-lang/crates.io-index"
checksum = "ce5d3ddc6d3fa000eb1536d85e147bfe31aacaba692ed6a876f95cb7c855be78"

[[package]]
name = "rutie"
version = "0.13.1"
source = "registry+https://github.com/rust-lang/crates.io-index"
checksum = "30d1529470ad0b69b81a6d0224632d00c01b46ef671452e24407512165b7ed84"
dependencies = [
 "lazy_static",
 "libc",
]
